
Microsoft Visual Studio Solution File, Format Version 12.00
# Visual Studio Version 17
VisualStudioVersion = 17.5.002.0
MinimumVisualStudioVersion = 10.0.40219.1
Project("{9A19103F-16F7-4668-BE54-9A1E7A4F7556}") = "Task_1", "Task_1\Task_1.csproj", "{82E631E9-3D85-412F-98D3-17871503E203}"
EndProject
Global
	GlobalSection(SolutionConfigurationPlatforms) = preSolution
		Debug|Any CPU = Debug|Any CPU
		Release|Any CPU = Release|Any CPU
	EndGlobalSection
	GlobalSection(ProjectConfigurationPlatforms) = postSolution
		{82E631E9-3D85-412F-98D3-17871503E203}.Debug|Any CPU.ActiveCfg = Debug|Any CPU
		{82E631E9-3D85-412F-98D3-17871503E203}.Debug|Any CPU.Build.0 = Debug|Any CPU
		{82E631E9-3D85-412F-98D3-17871503E203}.Release|Any CPU.ActiveCfg = Release|Any CPU
		{82E631E9-3D85-412F-98D3-17871503E203}.Release|Any CPU.Build.0 = Release|Any CPU
	EndGlobalSection
	GlobalSection(SolutionProperties) = preSolution
		HideSolutionNode = FALSE
	EndGlobalSection
	GlobalSection(ExtensibilityGlobals) = postSolution
		SolutionGuid = {679E5AA3-E6DD-4A2D-84F4-71F20321CEE2}
	EndGlobalSection
EndGlobal
